
Microsoft Visual Studio Solution File, Format Version 12.00
# Visual Studio Version 16
VisualStudioVersion = 16.0.30114.105
MinimumVisualStudioVersion = 10.0.40219.1
Project("{2150E333-8FDC-42A3-9474-1A3956D46DE8}") = "src", "src", "{E36EAF98-B743-493A-B51F-C0E5EA8EF83A}"
EndProject
Project("{FAE04EC0-301F-11D3-BF4B-00C04F79EFBC}") = "Minima.CatalogModule.Infrastructure", "src\Minima.CatalogModule.Infrastructure\Minima.CatalogModule.Infrastructure.csproj", "{4A31909E-8328-4E07-B307-609074B5E90C}"
EndProject
Project("{FAE04EC0-301F-11D3-BF4B-00C04F79EFBC}") = "Minima.CatalogModule.Business", "src\Minima.CatalogModule.Business\Minima.CatalogModule.Business.csproj", "{89BC4DD0-0FA6-486B-8A6F-2E84E9F140B6}"
EndProject
Project("{FAE04EC0-301F-11D3-BF4B-00C04F79EFBC}") = "Minima.CatalogModule.Api", "src\Minima.CatalogModule.Api\Minima.CatalogModule.Api.csproj", "{6B58A800-D1F7-42AF-A469-CDC292A4BC2A}"
EndProject
Project("{2150E333-8FDC-42A3-9474-1A3956D46DE8}") = "Solution Folder", "Solution Folder", "{23842353-C0B4-4256-867A-117D5D36278E}"
	ProjectSection(SolutionItems) = preProject
		nuget.config = nuget.config
		Directory.Build.props = Directory.Build.props
	EndProjectSection
EndProject
Global
	GlobalSection(SolutionConfigurationPlatforms) = preSolution
		Debug|Any CPU = Debug|Any CPU
		Release|Any CPU = Release|Any CPU
	EndGlobalSection
	GlobalSection(SolutionProperties) = preSolution
		HideSolutionNode = FALSE
	EndGlobalSection
	GlobalSection(NestedProjects) = preSolution
		{4A31909E-8328-4E07-B307-609074B5E90C} = {E36EAF98-B743-493A-B51F-C0E5EA8EF83A}
		{89BC4DD0-0FA6-486B-8A6F-2E84E9F140B6} = {E36EAF98-B743-493A-B51F-C0E5EA8EF83A}
		{6B58A800-D1F7-42AF-A469-CDC292A4BC2A} = {E36EAF98-B743-493A-B51F-C0E5EA8EF83A}
	EndGlobalSection
	GlobalSection(ProjectConfigurationPlatforms) = postSolution
		{4A31909E-8328-4E07-B307-609074B5E90C}.Debug|Any CPU.ActiveCfg = Debug|Any CPU
		{4A31909E-8328-4E07-B307-609074B5E90C}.Debug|Any CPU.Build.0 = Debug|Any CPU
		{4A31909E-8328-4E07-B307-609074B5E90C}.Release|Any CPU.ActiveCfg = Release|Any CPU
		{4A31909E-8328-4E07-B307-609074B5E90C}.Release|Any CPU.Build.0 = Release|Any CPU
		{89BC4DD0-0FA6-486B-8A6F-2E84E9F140B6}.Debug|Any CPU.ActiveCfg = Debug|Any CPU
		{89BC4DD0-0FA6-486B-8A6F-2E84E9F140B6}.Debug|Any CPU.Build.0 = Debug|Any CPU
		{89BC4DD0-0FA6-486B-8A6F-2E84E9F140B6}.Release|Any CPU.ActiveCfg = Release|Any CPU
		{89BC4DD0-0FA6-486B-8A6F-2E84E9F140B6}.Release|Any CPU.Build.0 = Release|Any CPU
		{6B58A800-D1F7-42AF-A469-CDC292A4BC2A}.Debug|Any CPU.ActiveCfg = Debug|Any CPU
		{6B58A800-D1F7-42AF-A469-CDC292A4BC2A}.Debug|Any CPU.Build.0 = Debug|Any CPU
		{6B58A800-D1F7-42AF-A469-CDC292A4BC2A}.Release|Any CPU.ActiveCfg = Release|Any CPU
		{6B58A800-D1F7-42AF-A469-CDC292A4BC2A}.Release|Any CPU.Build.0 = Release|Any CPU
	EndGlobalSection
EndGlobal
