
Microsoft Visual Studio Solution File, Format Version 12.00
# Visual Studio Version 16
VisualStudioVersion = 16.0.30114.105
MinimumVisualStudioVersion = 10.0.40219.1
Project("{2150E333-8FDC-42A3-9474-1A3956D46DE8}") = "src", "src", "{E36EAF98-B743-493A-B51F-C0E5EA8EF83A}"
EndProject
Project("{FAE04EC0-301F-11D3-BF4B-00C04F79EFBC}") = "Minima.CatalogCore.Domain", "src\Minima.CatalogCore.Domain\Minima.CatalogCore.Domain.csproj", "{2CE5D4E0-3858-42C6-9B7D-51AAD4FF4D18}"
EndProject
Project("{FAE04EC0-301F-11D3-BF4B-00C04F79EFBC}") = "Minima.CatalogCore.Business", "src\Minima.CatalogCore.Business\Minima.CatalogCore.Business.csproj", "{50A434FF-AE23-4E14-A115-D81F441ABAFD}"
EndProject
Project("{FAE04EC0-301F-11D3-BF4B-00C04F79EFBC}") = "Minima.CatalogCore.Api", "src\Minima.CatalogCore.Api\Minima.CatalogCore.Api.csproj", "{C1BFB2A3-C4EB-445E-92E6-976239B4CDD5}"
EndProject
Global
	GlobalSection(SolutionConfigurationPlatforms) = preSolution
		Debug|Any CPU = Debug|Any CPU
		Release|Any CPU = Release|Any CPU
	EndGlobalSection
	GlobalSection(SolutionProperties) = preSolution
		HideSolutionNode = FALSE
	EndGlobalSection
	GlobalSection(NestedProjects) = preSolution
		{2CE5D4E0-3858-42C6-9B7D-51AAD4FF4D18} = {E36EAF98-B743-493A-B51F-C0E5EA8EF83A}
		{50A434FF-AE23-4E14-A115-D81F441ABAFD} = {E36EAF98-B743-493A-B51F-C0E5EA8EF83A}
		{C1BFB2A3-C4EB-445E-92E6-976239B4CDD5} = {E36EAF98-B743-493A-B51F-C0E5EA8EF83A}
	EndGlobalSection
	GlobalSection(ProjectConfigurationPlatforms) = postSolution
		{2CE5D4E0-3858-42C6-9B7D-51AAD4FF4D18}.Debug|Any CPU.ActiveCfg = Debug|Any CPU
		{2CE5D4E0-3858-42C6-9B7D-51AAD4FF4D18}.Debug|Any CPU.Build.0 = Debug|Any CPU
		{2CE5D4E0-3858-42C6-9B7D-51AAD4FF4D18}.Release|Any CPU.ActiveCfg = Release|Any CPU
		{2CE5D4E0-3858-42C6-9B7D-51AAD4FF4D18}.Release|Any CPU.Build.0 = Release|Any CPU
		{50A434FF-AE23-4E14-A115-D81F441ABAFD}.Debug|Any CPU.ActiveCfg = Debug|Any CPU
		{50A434FF-AE23-4E14-A115-D81F441ABAFD}.Debug|Any CPU.Build.0 = Debug|Any CPU
		{50A434FF-AE23-4E14-A115-D81F441ABAFD}.Release|Any CPU.ActiveCfg = Release|Any CPU
		{50A434FF-AE23-4E14-A115-D81F441ABAFD}.Release|Any CPU.Build.0 = Release|Any CPU
		{C1BFB2A3-C4EB-445E-92E6-976239B4CDD5}.Debug|Any CPU.ActiveCfg = Debug|Any CPU
		{C1BFB2A3-C4EB-445E-92E6-976239B4CDD5}.Debug|Any CPU.Build.0 = Debug|Any CPU
		{C1BFB2A3-C4EB-445E-92E6-976239B4CDD5}.Release|Any CPU.ActiveCfg = Release|Any CPU
		{C1BFB2A3-C4EB-445E-92E6-976239B4CDD5}.Release|Any CPU.Build.0 = Release|Any CPU
	EndGlobalSection
EndGlobal
